
Microsoft Visual Studio Solution File, Format Version 12.00
# Visual Studio Version 16
VisualStudioVersion = 16.0.34601.136
MinimumVisualStudioVersion = 10.0.40219.1
Project("{FAE04EC0-301F-11D3-BF4B-00C04F79EFBC}") = "Calculator_Final", "Calculator_Final\Calculator_Final.csproj", "{D0081EA8-A5DF-4AAA-A593-C2C48FE51778}"
EndProject
Global
	GlobalSection(SolutionConfigurationPlatforms) = preSolution
		Debug|Any CPU = Debug|Any CPU
		Release|Any CPU = Release|Any CPU
	EndGlobalSection
	GlobalSection(ProjectConfigurationPlatforms) = postSolution
		{D0081EA8-A5DF-4AAA-A593-C2C48FE51778}.Debug|Any CPU.ActiveCfg = Debug|Any CPU
		{D0081EA8-A5DF-4AAA-A593-C2C48FE51778}.Debug|Any CPU.Build.0 = Debug|Any CPU
		{D0081EA8-A5DF-4AAA-A593-C2C48FE51778}.Release|Any CPU.ActiveCfg = Release|Any CPU
		{D0081EA8-A5DF-4AAA-A593-C2C48FE51778}.Release|Any CPU.Build.0 = Release|Any CPU
	EndGlobalSection
	GlobalSection(SolutionProperties) = preSolution
		HideSolutionNode = FALSE
	EndGlobalSection
	GlobalSection(ExtensibilityGlobals) = postSolution
		SolutionGuid = {61296AC9-6868-4D67-9365-0834F77ECDB2}
	EndGlobalSection
EndGlobal
